
Microsoft Visual Studio Solution File, Format Version 12.00
# Visual Studio Version 16
VisualStudioVersion = 16.0.29431.150
MinimumVisualStudioVersion = 10.0.40219.1
Project("{FAE04EC0-301F-11D3-BF4B-00C04F79EFBC}") = "FocusVisualTester", "FocusVisualTester.csproj", "{51A48D0B-DBC5-44D1-9721-251A8A0146C3}"
EndProject
Global
	GlobalSection(SolutionConfigurationPlatforms) = preSolution
		Debug|Any CPU = Debug|Any CPU
		Release|Any CPU = Release|Any CPU
	EndGlobalSection
	GlobalSection(ProjectConfigurationPlatforms) = postSolution
		{51A48D0B-DBC5-44D1-9721-251A8A0146C3}.Debug|Any CPU.ActiveCfg = Debug|Any CPU
		{51A48D0B-DBC5-44D1-9721-251A8A0146C3}.Debug|Any CPU.Build.0 = Debug|Any CPU
		{51A48D0B-DBC5-44D1-9721-251A8A0146C3}.Release|Any CPU.ActiveCfg = Release|Any CPU
		{51A48D0B-DBC5-44D1-9721-251A8A0146C3}.Release|Any CPU.Build.0 = Release|Any CPU
	EndGlobalSection
	GlobalSection(SolutionProperties) = preSolution
		HideSolutionNode = FALSE
	EndGlobalSection
	GlobalSection(ExtensibilityGlobals) = postSolution
		SolutionGuid = {820E467D-C57B-4F50-8998-615EABE85DFF}
	EndGlobalSection
EndGlobal
